
Microsoft Visual Studio Solution File, Format Version 12.00
# Visual Studio Version 16
VisualStudioVersion = 16.0.31112.23
MinimumVisualStudioVersion = 10.0.40219.1
Project("{FAE04EC0-301F-11D3-BF4B-00C04F79EFBC}") = "Chat.App.Android", "Chat.App\Chat.App.Android\Chat.App.Android.csproj", "{86B5333D-0800-471A-A52C-6A51A0539C3A}"
EndProject
Project("{FAE04EC0-301F-11D3-BF4B-00C04F79EFBC}") = "Chat.App.iOS", "Chat.App\Chat.App.iOS\Chat.App.iOS.csproj", "{0BBAD1A9-B713-456D-A060-87EDDAA9D2EE}"
EndProject
Project("{FAE04EC0-301F-11D3-BF4B-00C04F79EFBC}") = "Chat.App", "Chat.App\Chat.App\Chat.App.csproj", "{F2EB726E-ECAD-4D3F-A209-CD96D555B358}"
EndProject
Project("{FAE04EC0-301F-11D3-BF4B-00C04F79EFBC}") = "Chat.App.UWP", "Chat.App\Chat.App.UWP\Chat.App.UWP.csproj", "{0F8B2F9C-9C2B-4098-9842-E350EAA7B2CF}"
EndProject
Project("{2150E333-8FDC-42A3-9474-1A3956D46DE8}") = "Chat.Domain", "Chat.Domain", "{D57BF3F7-E621-4D17-BEC3-A79B08652BCA}"
EndProject
Project("{2150E333-8FDC-42A3-9474-1A3956D46DE8}") = "Chat.Infra.Data", "Chat.Infra.Data", "{4D30F763-B3D7-4690-8018-77D6AC0AEEEF}"
EndProject
Project("{2150E333-8FDC-42A3-9474-1A3956D46DE8}") = "Chat.Infra.IoC", "Chat.Infra.IoC", "{5E2F9D38-34EA-4A9D-B7F0-73924DC5DF5B}"
EndProject
Project("{2150E333-8FDC-42A3-9474-1A3956D46DE8}") = "Chat.Core", "Chat.Core", "{DF68D41A-159B-4A99-94FB-33DD2EA9BA00}"
EndProject
Project("{2150E333-8FDC-42A3-9474-1A3956D46DE8}") = "Chat.UI", "Chat.UI", "{3755264A-BB9C-4BC5-B56F-ACE2520C3810}"
EndProject
Project("{FAE04EC0-301F-11D3-BF4B-00C04F79EFBC}") = "Chat.Application", "Chat.Application\Chat.Application.csproj", "{223F5D79-7CB6-4B0A-821A-05FF00B014DE}"
EndProject
Global
	GlobalSection(SolutionConfigurationPlatforms) = preSolution
		Debug|Any CPU = Debug|Any CPU
		Debug|ARM = Debug|ARM
		Debug|ARM64 = Debug|ARM64
		Debug|iPhone = Debug|iPhone
		Debug|iPhoneSimulator = Debug|iPhoneSimulator
		Debug|x64 = Debug|x64
		Debug|x86 = Debug|x86
		Release|Any CPU = Release|Any CPU
		Release|ARM = Release|ARM
		Release|ARM64 = Release|ARM64
		Release|iPhone = Release|iPhone
		Release|iPhoneSimulator = Release|iPhoneSimulator
		Release|x64 = Release|x64
		Release|x86 = Release|x86
	EndGlobalSection
	GlobalSection(ProjectConfigurationPlatforms) = postSolution
		{86B5333D-0800-471A-A52C-6A51A0539C3A}.Debug|Any CPU.ActiveCfg = Debug|Any CPU
		{86B5333D-0800-471A-A52C-6A51A0539C3A}.Debug|Any CPU.Build.0 = Debug|Any CPU
		{86B5333D-0800-471A-A52C-6A51A0539C3A}.Debug|Any CPU.Deploy.0 = Debug|Any CPU
		{86B5333D-0800-471A-A52C-6A51A0539C3A}.Debug|ARM.ActiveCfg = Debug|Any CPU
		{86B5333D-0800-471A-A52C-6A51A0539C3A}.Debug|ARM.Build.0 = Debug|Any CPU
		{86B5333D-0800-471A-A52C-6A51A0539C3A}.Debug|ARM.Deploy.0 = Debug|Any CPU
		{86B5333D-0800-471A-A52C-6A51A0539C3A}.Debug|ARM64.ActiveCfg = Debug|Any CPU
		{86B5333D-0800-471A-A52C-6A51A0539C3A}.Debug|ARM64.Build.0 = Debug|Any CPU
		{86B5333D-0800-471A-A52C-6A51A0539C3A}.Debug|ARM64.Deploy.0 = Debug|Any CPU
		{86B5333D-0800-471A-A52C-6A51A0539C3A}.Debug|iPhone.ActiveCfg = Debug|Any CPU
		{86B5333D-0800-471A-A52C-6A51A0539C3A}.Debug|iPhone.Build.0 = Debug|Any CPU
		{86B5333D-0800-471A-A52C-6A51A0539C3A}.Debug|iPhone.Deploy.0 = Debug|Any CPU
		{86B5333D-0800-471A-A52C-6A51A0539C3A}.Debug|iPhoneSimulator.ActiveCfg = Debug|Any CPU
		{86B5333D-0800-471A-A52C-6A51A0539C3A}.Debug|iPhoneSimulator.Build.0 = Debug|Any CPU
		{86B5333D-0800-471A-A52C-6A51A0539C3A}.Debug|iPhoneSimulator.Deploy.0 = Debug|Any CPU
		{86B5333D-0800-471A-A52C-6A51A0539C3A}.Debug|x64.ActiveCfg = Debug|Any CPU
		{86B5333D-0800-471A-A52C-6A51A0539C3A}.Debug|x64.Build.0 = Debug|Any CPU
		{86B5333D-0800-471A-A52C-6A51A0539C3A}.Debug|x64.Deploy.0 = Debug|Any CPU
		{86B5333D-0800-471A-A52C-6A51A0539C3A}.Debug|x86.ActiveCfg = Debug|Any CPU
		{86B5333D-0800-471A-A52C-6A51A0539C3A}.Debug|x86.Build.0 = Debug|Any CPU
		{86B5333D-0800-471A-A52C-6A51A0539C3A}.Debug|x86.Deploy.0 = Debug|Any CPU
		{86B5333D-0800-471A-A52C-6A51A0539C3A}.Release|Any CPU.ActiveCfg = Release|Any CPU
		{86B5333D-0800-471A-A52C-6A51A0539C3A}.Release|Any CPU.Build.0 = Release|Any CPU
		{86B5333D-0800-471A-A52C-6A51A0539C3A}.Release|Any CPU.Deploy.0 = Release|Any CPU
		{86B5333D-0800-471A-A52C-6A51A0539C3A}.Release|ARM.ActiveCfg = Release|Any CPU
		{86B5333D-0800-471A-A52C-6A51A0539C3A}.Release|ARM.Build.0 = Release|Any CPU
		{86B5333D-0800-471A-A52C-6A51A0539C3A}.Release|ARM.Deploy.0 = Release|Any CPU
		{86B5333D-0800-471A-A52C-6A51A0539C3A}.Release|ARM64.ActiveCfg = Release|Any CPU
		{86B5333D-0800-471A-A52C-6A51A0539C3A}.Release|ARM64.Build.0 = Release|Any CPU
		{86B5333D-0800-471A-A52C-6A51A0539C3A}.Release|ARM64.Deploy.0 = Release|Any CPU
		{86B5333D-0800-471A-A52C-6A51A0539C3A}.Release|iPhone.ActiveCfg = Release|Any CPU
		{86B5333D-0800-471A-A52C-6A51A0539C3A}.Release|iPhone.Build.0 = Release|Any CPU
		{86B5333D-0800-471A-A52C-6A51A0539C3A}.Release|iPhone.Deploy.0 = Release|Any CPU
		{86B5333D-0800-471A-A52C-6A51A0539C3A}.Release|iPhoneSimulator.ActiveCfg = Release|Any CPU
		{86B5333D-0800-471A-A52C-6A51A0539C3A}.Release|iPhoneSimulator.Build.0 = Release|Any CPU
		{86B5333D-0800-471A-A52C-6A51A0539C3A}.Release|iPhoneSimulator.Deploy.0 = Release|Any CPU
		{86B5333D-0800-471A-A52C-6A51A0539C3A}.Release|x64.ActiveCfg = Release|Any CPU
		{86B5333D-0800-471A-A52C-6A51A0539C3A}.Release|x64.Build.0 = Release|Any CPU
		{86B5333D-0800-471A-A52C-6A51A0539C3A}.Release|x64.Deploy.0 = Release|Any CPU
		{86B5333D-0800-471A-A52C-6A51A0539C3A}.Release|x86.ActiveCfg = Release|Any CPU
		{86B5333D-0800-471A-A52C-6A51A0539C3A}.Release|x86.Build.0 = Release|Any CPU
		{86B5333D-0800-471A-A52C-6A51A0539C3A}.Release|x86.Deploy.0 = Release|Any CPU
		{0BBAD1A9-B713-456D-A060-87EDDAA9D2EE}.Debug|Any CPU.ActiveCfg = Debug|iPhoneSimulator
		{0BBAD1A9-B713-456D-A060-87EDDAA9D2EE}.Debug|Any CPU.Build.0 = Debug|iPhoneSimulator
		{0BBAD1A9-B713-456D-A060-87EDDAA9D2EE}.Debug|Any CPU.Deploy.0 = Debug|iPhoneSimulator
		{0BBAD1A9-B713-456D-A060-87EDDAA9D2EE}.Debug|ARM.ActiveCfg = Debug|iPhone
		{0BBAD1A9-B713-456D-A060-87EDDAA9D2EE}.Debug|ARM.Build.0 = Debug|iPhone
		{0BBAD1A9-B713-456D-A060-87EDDAA9D2EE}.Debug|ARM.Deploy.0 = Debug|iPhone
		{0BBAD1A9-B713-456D-A060-87EDDAA9D2EE}.Debug|ARM64.ActiveCfg = Debug|iPhoneSimulator
		{0BBAD1A9-B713-456D-A060-87EDDAA9D2EE}.Debug|iPhone.ActiveCfg = Debug|iPhone
		{0BBAD1A9-B713-456D-A060-87EDDAA9D2EE}.Debug|iPhone.Build.0 = Debug|iPhone
		{0BBAD1A9-B713-456D-A060-87EDDAA9D2EE}.Debug|iPhone.Deploy.0 = Debug|iPhone
		{0BBAD1A9-B713-456D-A060-87EDDAA9D2EE}.Debug|iPhoneSimulator.ActiveCfg = Debug|iPhoneSimulator
		{0BBAD1A9-B713-456D-A060-87EDDAA9D2EE}.Debug|iPhoneSimulator.Build.0 = Debug|iPhoneSimulator
		{0BBAD1A9-B713-456D-A060-87EDDAA9D2EE}.Debug|iPhoneSimulator.Deploy.0 = Debug|iPhoneSimulator
		{0BBAD1A9-B713-456D-A060-87EDDAA9D2EE}.Debug|x64.ActiveCfg = Debug|iPhoneSimulator
		{0BBAD1A9-B713-456D-A060-87EDDAA9D2EE}.Debug|x64.Build.0 = Debug|iPhoneSimulator
		{0BBAD1A9-B713-456D-A060-87EDDAA9D2EE}.Debug|x64.Deploy.0 = Debug|iPhoneSimulator
		{0BBAD1A9-B713-456D-A060-87EDDAA9D2EE}.Debug|x86.ActiveCfg = Debug|iPhoneSimulator
		{0BBAD1A9-B713-456D-A060-87EDDAA9D2EE}.Debug|x86.Build.0 = Debug|iPhoneSimulator
		{0BBAD1A9-B713-456D-A060-87EDDAA9D2EE}.Debug|x86.Deploy.0 = Debug|iPhoneSimulator
		{0BBAD1A9-B713-456D-A060-87EDDAA9D2EE}.Release|Any CPU.ActiveCfg = Release|iPhoneSimulator
		{0BBAD1A9-B713-456D-A060-87EDDAA9D2EE}.Release|Any CPU.Build.0 = Release|iPhoneSimulator
		{0BBAD1A9-B713-456D-A060-87EDDAA9D2EE}.Release|Any CPU.Deploy.0 = Release|iPhoneSimulator
		{0BBAD1A9-B713-456D-A060-87EDDAA9D2EE}.Release|ARM.ActiveCfg = Release|iPhoneSimulator
		{0BBAD1A9-B713-456D-A060-87EDDAA9D2EE}.Release|ARM.Build.0 = Release|iPhoneSimulator
		{0BBAD1A9-B713-456D-A060-87EDDAA9D2EE}.Release|ARM.Deploy.0 = Release|iPhoneSimulator
		{0BBAD1A9-B713-456D-A060-87EDDAA9D2EE}.Release|ARM64.ActiveCfg = Release|iPhoneSimulator
		{0BBAD1A9-B713-456D-A060-87EDDAA9D2EE}.Release|iPhone.ActiveCfg = Release|iPhone
		{0BBAD1A9-B713-456D-A060-87EDDAA9D2EE}.Release|iPhone.Build.0 = Release|iPhone
		{0BBAD1A9-B713-456D-A060-87EDDAA9D2EE}.Release|iPhone.Deploy.0 = Release|iPhone
		{0BBAD1A9-B713-456D-A060-87EDDAA9D2EE}.Release|iPhoneSimulator.ActiveCfg = Release|iPhoneSimulator
		{0BBAD1A9-B713-456D-A060-87EDDAA9D2EE}.Release|iPhoneSimulator.Build.0 = Release|iPhoneSimulator
		{0BBAD1A9-B713-456D-A060-87EDDAA9D2EE}.Release|iPhoneSimulator.Deploy.0 = Release|iPhoneSimulator
		{0BBAD1A9-B713-456D-A060-87EDDAA9D2EE}.Release|x64.ActiveCfg = Release|iPhoneSimulator
		{0BBAD1A9-B713-456D-A060-87EDDAA9D2EE}.Release|x64.Build.0 = Release|iPhoneSimulator
		{0BBAD1A9-B713-456D-A060-87EDDAA9D2EE}.Release|x64.Deploy.0 = Release|iPhoneSimulator
		{0BBAD1A9-B713-456D-A060-87EDDAA9D2EE}.Release|x86.ActiveCfg = Release|iPhoneSimulator
		{0BBAD1A9-B713-456D-A060-87EDDAA9D2EE}.Release|x86.Build.0 = Release|iPhoneSimulator
		{0BBAD1A9-B713-456D-A060-87EDDAA9D2EE}.Release|x86.Deploy.0 = Release|iPhoneSimulator
		{F2EB726E-ECAD-4D3F-A209-CD96D555B358}.Debug|Any CPU.ActiveCfg = Debug|Any CPU
		{F2EB726E-ECAD-4D3F-A209-CD96D555B358}.Debug|Any CPU.Build.0 = Debug|Any CPU
		{F2EB726E-ECAD-4D3F-A209-CD96D555B358}.Debug|Any CPU.Deploy.0 = Debug|Any CPU
		{F2EB726E-ECAD-4D3F-A209-CD96D555B358}.Debug|ARM.ActiveCfg = Debug|Any CPU
		{F2EB726E-ECAD-4D3F-A209-CD96D555B358}.Debug|ARM.Build.0 = Debug|Any CPU
		{F2EB726E-ECAD-4D3F-A209-CD96D555B358}.Debug|ARM.Deploy.0 = Debug|Any CPU
		{F2EB726E-ECAD-4D3F-A209-CD96D555B358}.Debug|ARM64.ActiveCfg = Debug|Any CPU
		{F2EB726E-ECAD-4D3F-A209-CD96D555B358}.Debug|ARM64.Build.0 = Debug|Any CPU
		{F2EB726E-ECAD-4D3F-A209-CD96D555B358}.Debug|iPhone.ActiveCfg = Debug|Any CPU
		{F2EB726E-ECAD-4D3F-A209-CD96D555B358}.Debug|iPhone.Build.0 = Debug|Any CPU
		{F2EB726E-ECAD-4D3F-A209-CD96D555B358}.Debug|iPhone.Deploy.0 = Debug|Any CPU
		{F2EB726E-ECAD-4D3F-A209-CD96D555B358}.Debug|iPhoneSimulator.ActiveCfg = Debug|Any CPU
		{F2EB726E-ECAD-4D3F-A209-CD96D555B358}.Debug|iPhoneSimulator.Build.0 = Debug|Any CPU
		{F2EB726E-ECAD-4D3F-A209-CD96D555B358}.Debug|iPhoneSimulator.Deploy.0 = Debug|Any CPU
		{F2EB726E-ECAD-4D3F-A209-CD96D555B358}.Debug|x64.ActiveCfg = Debug|Any CPU
		{F2EB726E-ECAD-4D3F-A209-CD96D555B358}.Debug|x64.Build.0 = Debug|Any CPU
		{F2EB726E-ECAD-4D3F-A209-CD96D555B358}.Debug|x64.Deploy.0 = Debug|Any CPU
		{F2EB726E-ECAD-4D3F-A209-CD96D555B358}.Debug|x86.ActiveCfg = Debug|Any CPU
		{F2EB726E-ECAD-4D3F-A209-CD96D555B358}.Debug|x86.Build.0 = Debug|Any CPU
		{F2EB726E-ECAD-4D3F-A209-CD96D555B358}.Debug|x86.Deploy.0 = Debug|Any CPU
		{F2EB726E-ECAD-4D3F-A209-CD96D555B358}.Release|Any CPU.ActiveCfg = Release|Any CPU
		{F2EB726E-ECAD-4D3F-A209-CD96D555B358}.Release|Any CPU.Build.0 = Release|Any CPU
		{F2EB726E-ECAD-4D3F-A209-CD96D555B358}.Release|Any CPU.Deploy.0 = Release|Any CPU
		{F2EB726E-ECAD-4D3F-A209-CD96D555B358}.Release|ARM.ActiveCfg = Release|Any CPU
		{F2EB726E-ECAD-4D3F-A209-CD96D555B358}.Release|ARM.Build.0 = Release|Any CPU
		{F2EB726E-ECAD-4D3F-A209-CD96D555B358}.Release|ARM.Deploy.0 = Release|Any CPU
		{F2EB726E-ECAD-4D3F-A209-CD96D555B358}.Release|ARM64.ActiveCfg = Release|Any CPU
		{F2EB726E-ECAD-4D3F-A209-CD96D555B358}.Release|ARM64.Build.0 = Release|Any CPU
		{F2EB726E-ECAD-4D3F-A209-CD96D555B358}.Release|iPhone.ActiveCfg = Release|Any CPU
		{F2EB726E-ECAD-4D3F-A209-CD96D555B358}.Release|iPhone.Build.0 = Release|Any CPU
		{F2EB726E-ECAD-4D3F-A209-CD96D555B358}.Release|iPhone.Deploy.0 = Release|Any CPU
		{F2EB726E-ECAD-4D3F-A209-CD96D555B358}.Release|iPhoneSimulator.ActiveCfg = Release|Any CPU
		{F2EB726E-ECAD-4D3F-A209-CD96D555B358}.Release|iPhoneSimulator.Build.0 = Release|Any CPU
		{F2EB726E-ECAD-4D3F-A209-CD96D555B358}.Release|iPhoneSimulator.Deploy.0 = Release|Any CPU
		{F2EB726E-ECAD-4D3F-A209-CD96D555B358}.Release|x64.ActiveCfg = Release|Any CPU
		{F2EB726E-ECAD-4D3F-A209-CD96D555B358}.Release|x64.Build.0 = Release|Any CPU
		{F2EB726E-ECAD-4D3F-A209-CD96D555B358}.Release|x64.Deploy.0 = Release|Any CPU
		{F2EB726E-ECAD-4D3F-A209-CD96D555B358}.Release|x86.ActiveCfg = Release|Any CPU
		{F2EB726E-ECAD-4D3F-A209-CD96D555B358}.Release|x86.Build.0 = Release|Any CPU
		{F2EB726E-ECAD-4D3F-A209-CD96D555B358}.Release|x86.Deploy.0 = Release|Any CPU
		{0F8B2F9C-9C2B-4098-9842-E350EAA7B2CF}.Debug|Any CPU.ActiveCfg = Debug|x86
		{0F8B2F9C-9C2B-4098-9842-E350EAA7B2CF}.Debug|Any CPU.Build.0 = Debug|x86
		{0F8B2F9C-9C2B-4098-9842-E350EAA7B2CF}.Debug|Any CPU.Deploy.0 = Debug|x86
		{0F8B2F9C-9C2B-4098-9842-E350EAA7B2CF}.Debug|ARM.ActiveCfg = Debug|ARM
		{0F8B2F9C-9C2B-4098-9842-E350EAA7B2CF}.Debug|ARM.Build.0 = Debug|ARM
		{0F8B2F9C-9C2B-4098-9842-E350EAA7B2CF}.Debug|ARM.Deploy.0 = Debug|ARM
		{0F8B2F9C-9C2B-4098-9842-E350EAA7B2CF}.Debug|ARM64.ActiveCfg = Debug|ARM64
		{0F8B2F9C-9C2B-4098-9842-E350EAA7B2CF}.Debug|ARM64.Build.0 = Debug|ARM64
		{0F8B2F9C-9C2B-4098-9842-E350EAA7B2CF}.Debug|ARM64.Deploy.0 = Debug|ARM64
		{0F8B2F9C-9C2B-4098-9842-E350EAA7B2CF}.Debug|iPhone.ActiveCfg = Debug|x86
		{0F8B2F9C-9C2B-4098-9842-E350EAA7B2CF}.Debug|iPhoneSimulator.ActiveCfg = Debug|x86
		{0F8B2F9C-9C2B-4098-9842-E350EAA7B2CF}.Debug|x64.ActiveCfg = Debug|x64
		{0F8B2F9C-9C2B-4098-9842-E350EAA7B2CF}.Debug|x64.Build.0 = Debug|x64
		{0F8B2F9C-9C2B-4098-9842-E350EAA7B2CF}.Debug|x64.Deploy.0 = Debug|x64
		{0F8B2F9C-9C2B-4098-9842-E350EAA7B2CF}.Debug|x86.ActiveCfg = Debug|x86
		{0F8B2F9C-9C2B-4098-9842-E350EAA7B2CF}.Debug|x86.Build.0 = Debug|x86
		{0F8B2F9C-9C2B-4098-9842-E350EAA7B2CF}.Debug|x86.Deploy.0 = Debug|x86
		{0F8B2F9C-9C2B-4098-9842-E350EAA7B2CF}.Release|Any CPU.ActiveCfg = Release|x86
		{0F8B2F9C-9C2B-4098-9842-E350EAA7B2CF}.Release|ARM.ActiveCfg = Release|ARM
		{0F8B2F9C-9C2B-4098-9842-E350EAA7B2CF}.Release|ARM.Build.0 = Release|ARM
		{0F8B2F9C-9C2B-4098-9842-E350EAA7B2CF}.Release|ARM.Deploy.0 = Release|ARM
		{0F8B2F9C-9C2B-4098-9842-E350EAA7B2CF}.Release|ARM64.ActiveCfg = Release|ARM64
		{0F8B2F9C-9C2B-4098-9842-E350EAA7B2CF}.Release|ARM64.Build.0 = Release|ARM64
		{0F8B2F9C-9C2B-4098-9842-E350EAA7B2CF}.Release|ARM64.Deploy.0 = Release|ARM64
		{0F8B2F9C-9C2B-4098-9842-E350EAA7B2CF}.Release|iPhone.ActiveCfg = Release|x86
		{0F8B2F9C-9C2B-4098-9842-E350EAA7B2CF}.Release|iPhoneSimulator.ActiveCfg = Release|x86
		{0F8B2F9C-9C2B-4098-9842-E350EAA7B2CF}.Release|x64.ActiveCfg = Release|x64
		{0F8B2F9C-9C2B-4098-9842-E350EAA7B2CF}.Release|x64.Build.0 = Release|x64
		{0F8B2F9C-9C2B-4098-9842-E350EAA7B2CF}.Release|x64.Deploy.0 = Release|x64
		{0F8B2F9C-9C2B-4098-9842-E350EAA7B2CF}.Release|x86.ActiveCfg = Release|x86
		{0F8B2F9C-9C2B-4098-9842-E350EAA7B2CF}.Release|x86.Build.0 = Release|x86
		{0F8B2F9C-9C2B-4098-9842-E350EAA7B2CF}.Release|x86.Deploy.0 = Release|x86
		{223F5D79-7CB6-4B0A-821A-05FF00B014DE}.Debug|Any CPU.ActiveCfg = Debug|Any CPU
		{223F5D79-7CB6-4B0A-821A-05FF00B014DE}.Debug|Any CPU.Build.0 = Debug|Any CPU
		{223F5D79-7CB6-4B0A-821A-05FF00B014DE}.Debug|ARM.ActiveCfg = Debug|Any CPU
		{223F5D79-7CB6-4B0A-821A-05FF00B014DE}.Debug|ARM.Build.0 = Debug|Any CPU
		{223F5D79-7CB6-4B0A-821A-05FF00B014DE}.Debug|ARM64.ActiveCfg = Debug|Any CPU
		{223F5D79-7CB6-4B0A-821A-05FF00B014DE}.Debug|ARM64.Build.0 = Debug|Any CPU
		{223F5D79-7CB6-4B0A-821A-05FF00B014DE}.Debug|iPhone.ActiveCfg = Debug|Any CPU
		{223F5D79-7CB6-4B0A-821A-05FF00B014DE}.Debug|iPhone.Build.0 = Debug|Any CPU
		{223F5D79-7CB6-4B0A-821A-05FF00B014DE}.Debug|iPhoneSimulator.ActiveCfg = Debug|Any CPU
		{223F5D79-7CB6-4B0A-821A-05FF00B014DE}.Debug|iPhoneSimulator.Build.0 = Debug|Any CPU
		{223F5D79-7CB6-4B0A-821A-05FF00B014DE}.Debug|x64.ActiveCfg = Debug|Any CPU
		{223F5D79-7CB6-4B0A-821A-05FF00B014DE}.Debug|x64.Build.0 = Debug|Any CPU
		{223F5D79-7CB6-4B0A-821A-05FF00B014DE}.Debug|x86.ActiveCfg = Debug|Any CPU
		{223F5D79-7CB6-4B0A-821A-05FF00B014DE}.Debug|x86.Build.0 = Debug|Any CPU
		{223F5D79-7CB6-4B0A-821A-05FF00B014DE}.Release|Any CPU.ActiveCfg = Release|Any CPU
		{223F5D79-7CB6-4B0A-821A-05FF00B014DE}.Release|Any CPU.Build.0 = Release|Any CPU
		{223F5D79-7CB6-4B0A-821A-05FF00B014DE}.Release|ARM.ActiveCfg = Release|Any CPU
		{223F5D79-7CB6-4B0A-821A-05FF00B014DE}.Release|ARM.Build.0 = Release|Any CPU
		{223F5D79-7CB6-4B0A-821A-05FF00B014DE}.Release|ARM64.ActiveCfg = Release|Any CPU
		{223F5D79-7CB6-4B0A-821A-05FF00B014DE}.Release|ARM64.Build.0 = Release|Any CPU
		{223F5D79-7CB6-4B0A-821A-05FF00B014DE}.Release|iPhone.ActiveCfg = Release|Any CPU
		{223F5D79-7CB6-4B0A-821A-05FF00B014DE}.Release|iPhone.Build.0 = Release|Any CPU
		{223F5D79-7CB6-4B0A-821A-05FF00B014DE}.Release|iPhoneSimulator.ActiveCfg = Release|Any CPU
		{223F5D79-7CB6-4B0A-821A-05FF00B014DE}.Release|iPhoneSimulator.Build.0 = Release|Any CPU
		{223F5D79-7CB6-4B0A-821A-05FF00B014DE}.Release|x64.ActiveCfg = Release|Any CPU
		{223F5D79-7CB6-4B0A-821A-05FF00B014DE}.Release|x64.Build.0 = Release|Any CPU
		{223F5D79-7CB6-4B0A-821A-05FF00B014DE}.Release|x86.ActiveCfg = Release|Any CPU
		{223F5D79-7CB6-4B0A-821A-05FF00B014DE}.Release|x86.Build.0 = Release|Any CPU
	EndGlobalSection
	GlobalSection(SolutionProperties) = preSolution
		HideSolutionNode = FALSE
	EndGlobalSection
	GlobalSection(NestedProjects) = preSolution
		{86B5333D-0800-471A-A52C-6A51A0539C3A} = {3755264A-BB9C-4BC5-B56F-ACE2520C3810}
		{0BBAD1A9-B713-456D-A060-87EDDAA9D2EE} = {3755264A-BB9C-4BC5-B56F-ACE2520C3810}
		{F2EB726E-ECAD-4D3F-A209-CD96D555B358} = {3755264A-BB9C-4BC5-B56F-ACE2520C3810}
		{0F8B2F9C-9C2B-4098-9842-E350EAA7B2CF} = {3755264A-BB9C-4BC5-B56F-ACE2520C3810}
		{223F5D79-7CB6-4B0A-821A-05FF00B014DE} = {DF68D41A-159B-4A99-94FB-33DD2EA9BA00}
	EndGlobalSection
	GlobalSection(ExtensibilityGlobals) = postSolution
		SolutionGuid = {E2472FD8-85D7-435A-8F6A-3673B2CDD4BF}
	EndGlobalSection
EndGlobal
